Microsoft Visual Studio Solution File, Format Version 12.00
# Visual Studio Version 17
VisualStudioVersion = 17.0.31611.283
MinimumVisualStudioVersion = 10.0.40219.1
Project("{9A19103F-16F7-4668-BE54-9A1E7A4F7556}") = "MauiAppAPI", "MauiAppAPI\MauiAppAPI.csproj", "{69C167F2-FE93-49FF-880A-30BD8DF1CC62}"
EndProject
Project("{FAE04EC0-301F-11D3-BF4B-00C04F79EFBC}") = "BlazorAppAPI", "BlazorAppAPI\BlazorAppAPI.csproj", "{6BCF4900-DB91-4EAE-82BE-74A19F489ECD}"
EndProject
Project("{FAE04EC0-301F-11D3-BF4B-00C04F79EFBC}") = "ClassLibraryAPI", "ClassLibraryAPI\ClassLibraryAPI.csproj", "{3AD6684C-D1C1-4B4B-A9C9-3BE59D11C143}"
EndProject
Global
	GlobalSection(SolutionConfigurationPlatforms) = preSolution
		Debug|Any CPU = Debug|Any CPU
		Release|Any CPU = Release|Any CPU
	EndGlobalSection
	GlobalSection(ProjectConfigurationPlatforms) = postSolution
		{69C167F2-FE93-49FF-880A-30BD8DF1CC62}.Debug|Any CPU.ActiveCfg = Debug|Any CPU
		{69C167F2-FE93-49FF-880A-30BD8DF1CC62}.Debug|Any CPU.Build.0 = Debug|Any CPU
		{69C167F2-FE93-49FF-880A-30BD8DF1CC62}.Debug|Any CPU.Deploy.0 = Debug|Any CPU
		{69C167F2-FE93-49FF-880A-30BD8DF1CC62}.Release|Any CPU.ActiveCfg = Release|Any CPU
		{69C167F2-FE93-49FF-880A-30BD8DF1CC62}.Release|Any CPU.Build.0 = Release|Any CPU
		{69C167F2-FE93-49FF-880A-30BD8DF1CC62}.Release|Any CPU.Deploy.0 = Release|Any CPU
		{6BCF4900-DB91-4EAE-82BE-74A19F489ECD}.Debug|Any CPU.ActiveCfg = Debug|Any CPU
		{6BCF4900-DB91-4EAE-82BE-74A19F489ECD}.Debug|Any CPU.Build.0 = Debug|Any CPU
		{6BCF4900-DB91-4EAE-82BE-74A19F489ECD}.Release|Any CPU.ActiveCfg = Release|Any CPU
		{6BCF4900-DB91-4EAE-82BE-74A19F489ECD}.Release|Any CPU.Build.0 = Release|Any CPU
		{3AD6684C-D1C1-4B4B-A9C9-3BE59D11C143}.Debug|Any CPU.ActiveCfg = Debug|Any CPU
		{3AD6684C-D1C1-4B4B-A9C9-3BE59D11C143}.Debug|Any CPU.Build.0 = Debug|Any CPU
		{3AD6684C-D1C1-4B4B-A9C9-3BE59D11C143}.Release|Any CPU.ActiveCfg = Release|Any CPU
		{3AD6684C-D1C1-4B4B-A9C9-3BE59D11C143}.Release|Any CPU.Build.0 = Release|Any CPU
	EndGlobalSection
	GlobalSection(SolutionProperties) = preSolution
		HideSolutionNode = FALSE
	EndGlobalSection
	GlobalSection(ExtensibilityGlobals) = postSolution
		SolutionGuid = {61F7FB11-1E47-470C-91E2-47F8143E1572}
	EndGlobalSection
EndGlobal
